
Microsoft Visual Studio Solution File, Format Version 10.00
# Visual Studio 2008
Project("{901F95BB-0EF7-4A93-94B5-A8655FA8CA96}") = "nvap", "ColibriTegra_Core_CE7.pbxml", "{345D530D-10D0-4EC5-B948-E9A78483463A}"
EndProject
Global
	GlobalSection(SolutionConfigurationPlatforms) = preSolution
		Debug|Platform Builder (_TGTCPU) = Debug|Platform Builder (_TGTCPU)
		Hyper-v X86 Checked|Platform Builder (_TGTCPU) = Hyper-v X86 Checked|Platform Builder (_TGTCPU)
		Hyper-v X86 Debug|Platform Builder (_TGTCPU) = Hyper-v X86 Debug|Platform Builder (_TGTCPU)
		Hyper-v X86 Release|Platform Builder (_TGTCPU) = Hyper-v X86 Release|Platform Builder (_TGTCPU)
		NVAP ARMV7 Checked|Platform Builder (_TGTCPU) = NVAP ARMV7 Checked|Platform Builder (_TGTCPU)
		NVAP ARMV7 Debug|Platform Builder (_TGTCPU) = NVAP ARMV7 Debug|Platform Builder (_TGTCPU)
		NVAP ARMV7 Release|Platform Builder (_TGTCPU) = NVAP ARMV7 Release|Platform Builder (_TGTCPU)
		Release|Platform Builder (_TGTCPU) = Release|Platform Builder (_TGTCPU)
	EndGlobalSection
	GlobalSection(ProjectConfigurationPlatforms) = postSolution
		{345D530D-10D0-4EC5-B948-E9A78483463A}.Debug|Platform Builder (_TGTCPU).ActiveCfg = NVAP ARMV7 Debug|Platform Builder (_TGTCPU)
		{345D530D-10D0-4EC5-B948-E9A78483463A}.Debug|Platform Builder (_TGTCPU).Build.0 = NVAP ARMV7 Debug|Platform Builder (_TGTCPU)
		{345D530D-10D0-4EC5-B948-E9A78483463A}.Hyper-v X86 Checked|Platform Builder (_TGTCPU).ActiveCfg = Hyper-v X86 Checked|Platform Builder (_TGTCPU)
		{345D530D-10D0-4EC5-B948-E9A78483463A}.Hyper-v X86 Checked|Platform Builder (_TGTCPU).Build.0 = Hyper-v X86 Checked|Platform Builder (_TGTCPU)
		{345D530D-10D0-4EC5-B948-E9A78483463A}.Hyper-v X86 Debug|Platform Builder (_TGTCPU).ActiveCfg = Hyper-v X86 Debug|Platform Builder (_TGTCPU)
		{345D530D-10D0-4EC5-B948-E9A78483463A}.Hyper-v X86 Debug|Platform Builder (_TGTCPU).Build.0 = Hyper-v X86 Debug|Platform Builder (_TGTCPU)
		{345D530D-10D0-4EC5-B948-E9A78483463A}.Hyper-v X86 Release|Platform Builder (_TGTCPU).ActiveCfg = Hyper-v X86 Release|Platform Builder (_TGTCPU)
		{345D530D-10D0-4EC5-B948-E9A78483463A}.Hyper-v X86 Release|Platform Builder (_TGTCPU).Build.0 = Hyper-v X86 Release|Platform Builder (_TGTCPU)
		{345D530D-10D0-4EC5-B948-E9A78483463A}.NVAP ARMV7 Checked|Platform Builder (_TGTCPU).ActiveCfg = NVAP ARMV7 Checked|Platform Builder (_TGTCPU)
		{345D530D-10D0-4EC5-B948-E9A78483463A}.NVAP ARMV7 Checked|Platform Builder (_TGTCPU).Build.0 = NVAP ARMV7 Checked|Platform Builder (_TGTCPU)
		{345D530D-10D0-4EC5-B948-E9A78483463A}.NVAP ARMV7 Debug|Platform Builder (_TGTCPU).ActiveCfg = NVAP ARMV7 Debug|Platform Builder (_TGTCPU)
		{345D530D-10D0-4EC5-B948-E9A78483463A}.NVAP ARMV7 Debug|Platform Builder (_TGTCPU).Build.0 = NVAP ARMV7 Debug|Platform Builder (_TGTCPU)
		{345D530D-10D0-4EC5-B948-E9A78483463A}.NVAP ARMV7 Release|Platform Builder (_TGTCPU).ActiveCfg = NVAP ARMV7 Release|Platform Builder (_TGTCPU)
		{345D530D-10D0-4EC5-B948-E9A78483463A}.NVAP ARMV7 Release|Platform Builder (_TGTCPU).Build.0 = NVAP ARMV7 Release|Platform Builder (_TGTCPU)
		{345D530D-10D0-4EC5-B948-E9A78483463A}.Release|Platform Builder (_TGTCPU).ActiveCfg = NVAP ARMV7 Release|Platform Builder (_TGTCPU)
		{345D530D-10D0-4EC5-B948-E9A78483463A}.Release|Platform Builder (_TGTCPU).Build.0 = NVAP ARMV7 Release|Platform Builder (_TGTCPU)
		{AF788204-A1E8-4AC6-BD10-B0228A448678}.Debug|Platform Builder (_TGTCPU).ActiveCfg = Debug|Platform Builder (_TGTCPU)
		{AF788204-A1E8-4AC6-BD10-B0228A448678}.Debug|Platform Builder (_TGTCPU).Deploy.0 = Debug|Platform Builder (_TGTCPU)
		{AF788204-A1E8-4AC6-BD10-B0228A448678}.Hyper-v X86 Checked|Platform Builder (_TGTCPU).ActiveCfg = Release|Platform Builder (_TGTCPU)
		{AF788204-A1E8-4AC6-BD10-B0228A448678}.Hyper-v X86 Checked|Platform Builder (_TGTCPU).Deploy.0 = Release|Platform Builder (_TGTCPU)
		{AF788204-A1E8-4AC6-BD10-B0228A448678}.Hyper-v X86 Debug|Platform Builder (_TGTCPU).ActiveCfg = Debug|Platform Builder (_TGTCPU)
		{AF788204-A1E8-4AC6-BD10-B0228A448678}.Hyper-v X86 Debug|Platform Builder (_TGTCPU).Deploy.0 = Debug|Platform Builder (_TGTCPU)
		{AF788204-A1E8-4AC6-BD10-B0228A448678}.Hyper-v X86 Release|Platform Builder (_TGTCPU).ActiveCfg = Release|Platform Builder (_TGTCPU)
		{AF788204-A1E8-4AC6-BD10-B0228A448678}.Hyper-v X86 Release|Platform Builder (_TGTCPU).Deploy.0 = Release|Platform Builder (_TGTCPU)
		{AF788204-A1E8-4AC6-BD10-B0228A448678}.NVAP ARMV7 Checked|Platform Builder (_TGTCPU).ActiveCfg = Release|Platform Builder (_TGTCPU)
		{AF788204-A1E8-4AC6-BD10-B0228A448678}.NVAP ARMV7 Checked|Platform Builder (_TGTCPU).Deploy.0 = Release|Platform Builder (_TGTCPU)
		{AF788204-A1E8-4AC6-BD10-B0228A448678}.NVAP ARMV7 Debug|Platform Builder (_TGTCPU).ActiveCfg = Debug|Platform Builder (_TGTCPU)
		{AF788204-A1E8-4AC6-BD10-B0228A448678}.NVAP ARMV7 Debug|Platform Builder (_TGTCPU).Deploy.0 = Debug|Platform Builder (_TGTCPU)
		{AF788204-A1E8-4AC6-BD10-B0228A448678}.NVAP ARMV7 Release|Platform Builder (_TGTCPU).ActiveCfg = Release|Platform Builder (_TGTCPU)
		{AF788204-A1E8-4AC6-BD10-B0228A448678}.NVAP ARMV7 Release|Platform Builder (_TGTCPU).Deploy.0 = Release|Platform Builder (_TGTCPU)
		{AF788204-A1E8-4AC6-BD10-B0228A448678}.Release|Platform Builder (_TGTCPU).ActiveCfg = Release|Platform Builder (_TGTCPU)
		{AF788204-A1E8-4AC6-BD10-B0228A448678}.Release|Platform Builder (_TGTCPU).Deploy.0 = Release|Platform Builder (_TGTCPU)
		{E44C2C1D-DAD4-447E-8B9B-B3EB179CC779}.Debug|Platform Builder (_TGTCPU).ActiveCfg = Debug|Platform Builder (_TGTCPU)
		{E44C2C1D-DAD4-447E-8B9B-B3EB179CC779}.Debug|Platform Builder (_TGTCPU).Deploy.0 = Debug|Platform Builder (_TGTCPU)
		{E44C2C1D-DAD4-447E-8B9B-B3EB179CC779}.Hyper-v X86 Checked|Platform Builder (_TGTCPU).ActiveCfg = Release|Platform Builder (_TGTCPU)
		{E44C2C1D-DAD4-447E-8B9B-B3EB179CC779}.Hyper-v X86 Checked|Platform Builder (_TGTCPU).Deploy.0 = Release|Platform Builder (_TGTCPU)
		{E44C2C1D-DAD4-447E-8B9B-B3EB179CC779}.Hyper-v X86 Debug|Platform Builder (_TGTCPU).ActiveCfg = Debug|Platform Builder (_TGTCPU)
		{E44C2C1D-DAD4-447E-8B9B-B3EB179CC779}.Hyper-v X86 Debug|Platform Builder (_TGTCPU).Deploy.0 = Debug|Platform Builder (_TGTCPU)
		{E44C2C1D-DAD4-447E-8B9B-B3EB179CC779}.Hyper-v X86 Release|Platform Builder (_TGTCPU).ActiveCfg = Release|Platform Builder (_TGTCPU)
		{E44C2C1D-DAD4-447E-8B9B-B3EB179CC779}.Hyper-v X86 Release|Platform Builder (_TGTCPU).Deploy.0 = Release|Platform Builder (_TGTCPU)
		{E44C2C1D-DAD4-447E-8B9B-B3EB179CC779}.NVAP ARMV7 Checked|Platform Builder (_TGTCPU).ActiveCfg = Release|Platform Builder (_TGTCPU)
		{E44C2C1D-DAD4-447E-8B9B-B3EB179CC779}.NVAP ARMV7 Checked|Platform Builder (_TGTCPU).Deploy.0 = Release|Platform Builder (_TGTCPU)
		{E44C2C1D-DAD4-447E-8B9B-B3EB179CC779}.NVAP ARMV7 Debug|Platform Builder (_TGTCPU).ActiveCfg = Debug|Platform Builder (_TGTCPU)
		{E44C2C1D-DAD4-447E-8B9B-B3EB179CC779}.NVAP ARMV7 Debug|Platform Builder (_TGTCPU).Deploy.0 = Debug|Platform Builder (_TGTCPU)
		{E44C2C1D-DAD4-447E-8B9B-B3EB179CC779}.NVAP ARMV7 Release|Platform Builder (_TGTCPU).ActiveCfg = Release|Platform Builder (_TGTCPU)
		{E44C2C1D-DAD4-447E-8B9B-B3EB179CC779}.NVAP ARMV7 Release|Platform Builder (_TGTCPU).Deploy.0 = Release|Platform Builder (_TGTCPU)
		{E44C2C1D-DAD4-447E-8B9B-B3EB179CC779}.Release|Platform Builder (_TGTCPU).ActiveCfg = Release|Platform Builder (_TGTCPU)
		{E44C2C1D-DAD4-447E-8B9B-B3EB179CC779}.Release|Platform Builder (_TGTCPU).Deploy.0 = Release|Platform Builder (_TGTCPU)
		{F539F1D8-E65D-49E8-B1FF-FD48A057C83E}.Debug|Platform Builder (_TGTCPU).ActiveCfg = Debug|Platform Builder (_TGTCPU)
		{F539F1D8-E65D-49E8-B1FF-FD48A057C83E}.Debug|Platform Builder (_TGTCPU).Deploy.0 = Debug|Platform Builder (_TGTCPU)
		{F539F1D8-E65D-49E8-B1FF-FD48A057C83E}.Hyper-v X86 Checked|Platform Builder (_TGTCPU).ActiveCfg = Release|Platform Builder (_TGTCPU)
		{F539F1D8-E65D-49E8-B1FF-FD48A057C83E}.Hyper-v X86 Checked|Platform Builder (_TGTCPU).Deploy.0 = Release|Platform Builder (_TGTCPU)
		{F539F1D8-E65D-49E8-B1FF-FD48A057C83E}.Hyper-v X86 Debug|Platform Builder (_TGTCPU).ActiveCfg = Debug|Platform Builder (_TGTCPU)
		{F539F1D8-E65D-49E8-B1FF-FD48A057C83E}.Hyper-v X86 Debug|Platform Builder (_TGTCPU).Deploy.0 = Debug|Platform Builder (_TGTCPU)
		{F539F1D8-E65D-49E8-B1FF-FD48A057C83E}.Hyper-v X86 Release|Platform Builder (_TGTCPU).ActiveCfg = Release|Platform Builder (_TGTCPU)
		{F539F1D8-E65D-49E8-B1FF-FD48A057C83E}.Hyper-v X86 Release|Platform Builder (_TGTCPU).Deploy.0 = Release|Platform Builder (_TGTCPU)
		{F539F1D8-E65D-49E8-B1FF-FD48A057C83E}.NVAP ARMV7 Checked|Platform Builder (_TGTCPU).ActiveCfg = Release|Platform Builder (_TGTCPU)
		{F539F1D8-E65D-49E8-B1FF-FD48A057C83E}.NVAP ARMV7 Checked|Platform Builder (_TGTCPU).Deploy.0 = Release|Platform Builder (_TGTCPU)
		{F539F1D8-E65D-49E8-B1FF-FD48A057C83E}.NVAP ARMV7 Debug|Platform Builder (_TGTCPU).ActiveCfg = Debug|Platform Builder (_TGTCPU)
		{F539F1D8-E65D-49E8-B1FF-FD48A057C83E}.NVAP ARMV7 Debug|Platform Builder (_TGTCPU).Deploy.0 = Debug|Platform Builder (_TGTCPU)
		{F539F1D8-E65D-49E8-B1FF-FD48A057C83E}.NVAP ARMV7 Release|Platform Builder (_TGTCPU).ActiveCfg = Release|Platform Builder (_TGTCPU)
		{F539F1D8-E65D-49E8-B1FF-FD48A057C83E}.NVAP ARMV7 Release|Platform Builder (_TGTCPU).Deploy.0 = Release|Platform Builder (_TGTCPU)
		{F539F1D8-E65D-49E8-B1FF-FD48A057C83E}.Release|Platform Builder (_TGTCPU).ActiveCfg = Release|Platform Builder (_TGTCPU)
		{F539F1D8-E65D-49E8-B1FF-FD48A057C83E}.Release|Platform Builder (_TGTCPU).Deploy.0 = Release|Platform Builder (_TGTCPU)
	EndGlobalSection
	GlobalSection(SolutionProperties) = preSolution
		HideSolutionNode = FALSE
	EndGlobalSection
EndGlobal
